
Microsoft Visual Studio Solution File, Format Version 12.00
# Visual Studio Version 17
VisualStudioVersion = 17.14.36930.0 d17.14
MinimumVisualStudioVersion = 10.0.40219.1
Project("{FAE04EC0-301F-11D3-BF4B-00C04F79EFBC}") = "EvieWizardingWorld", "EvieWizardingWorld\EvieWizardingWorld.csproj", "{5AAA4493-3825-41CD-BF50-992DBF773BA1}"
EndProject
Global
	GlobalSection(SolutionConfigurationPlatforms) = preSolution
		Debug|Any CPU = Debug|Any CPU
		Release|Any CPU = Release|Any CPU
	EndGlobalSection
	GlobalSection(ProjectConfigurationPlatforms) = postSolution
		{5AAA4493-3825-41CD-BF50-992DBF773BA1}.Debug|Any CPU.ActiveCfg = Debug|Any CPU
		{5AAA4493-3825-41CD-BF50-992DBF773BA1}.Debug|Any CPU.Build.0 = Debug|Any CPU
		{5AAA4493-3825-41CD-BF50-992DBF773BA1}.Release|Any CPU.ActiveCfg = Release|Any CPU
		{5AAA4493-3825-41CD-BF50-992DBF773BA1}.Release|Any CPU.Build.0 = Release|Any CPU
	EndGlobalSection
	GlobalSection(SolutionProperties) = preSolution
		HideSolutionNode = FALSE
	EndGlobalSection
	GlobalSection(ExtensibilityGlobals) = postSolution
		SolutionGuid = {DDCD8824-0315-4A5D-942B-BF55E9577C10}
	EndGlobalSection
EndGlobal
